
Microsoft Visual Studio Solution File, Format Version 12.00
# Visual Studio Version 16
VisualStudioVersion = 16.0.32126.315
MinimumVisualStudioVersion = 10.0.40219.1
Project("{FAE04EC0-301F-11D3-BF4B-00C04F79EFBC}") = "practica1a", "practica1a\practica1a.csproj", "{CAD144CA-A155-4E46-8EBB-E45797530FD0}"
EndProject
Global
	GlobalSection(SolutionConfigurationPlatforms) = preSolution
		Debug|Any CPU = Debug|Any CPU
		Release|Any CPU = Release|Any CPU
	EndGlobalSection
	GlobalSection(ProjectConfigurationPlatforms) = postSolution
		{CAD144CA-A155-4E46-8EBB-E45797530FD0}.Debug|Any CPU.ActiveCfg = Debug|Any CPU
		{CAD144CA-A155-4E46-8EBB-E45797530FD0}.Debug|Any CPU.Build.0 = Debug|Any CPU
		{CAD144CA-A155-4E46-8EBB-E45797530FD0}.Release|Any CPU.ActiveCfg = Release|Any CPU
		{CAD144CA-A155-4E46-8EBB-E45797530FD0}.Release|Any CPU.Build.0 = Release|Any CPU
	EndGlobalSection
	GlobalSection(SolutionProperties) = preSolution
		HideSolutionNode = FALSE
	EndGlobalSection
	GlobalSection(ExtensibilityGlobals) = postSolution
		SolutionGuid = {1256E068-7442-48DC-AD5D-39023C236488}
	EndGlobalSection
EndGlobal
